
Microsoft Visual Studio Solution File, Format Version 12.00
# Visual Studio Version 17
VisualStudioVersion = 17.7.34024.191
MinimumVisualStudioVersion = 10.0.40219.1
Project("{FAE04EC0-301F-11D3-BF4B-00C04F79EFBC}") = "2_assignment", "2_assignment.csproj", "{C073AFE5-5996-4570-A951-3B7DF6E2DC25}"
EndProject
Global
	GlobalSection(SolutionConfigurationPlatforms) = preSolution
		Debug|Any CPU = Debug|Any CPU
		Release|Any CPU = Release|Any CPU
	EndGlobalSection
	GlobalSection(ProjectConfigurationPlatforms) = postSolution
		{C073AFE5-5996-4570-A951-3B7DF6E2DC25}.Debug|Any CPU.ActiveCfg = Debug|Any CPU
		{C073AFE5-5996-4570-A951-3B7DF6E2DC25}.Debug|Any CPU.Build.0 = Debug|Any CPU
		{C073AFE5-5996-4570-A951-3B7DF6E2DC25}.Release|Any CPU.ActiveCfg = Release|Any CPU
		{C073AFE5-5996-4570-A951-3B7DF6E2DC25}.Release|Any CPU.Build.0 = Release|Any CPU
	EndGlobalSection
	GlobalSection(SolutionProperties) = preSolution
		HideSolutionNode = FALSE
	EndGlobalSection
	GlobalSection(ExtensibilityGlobals) = postSolution
		SolutionGuid = {78FFE514-E866-468C-AFDB-020D4356ACDA}
	EndGlobalSection
EndGlobal
